// !$*UTF8*$!
{
	archiveVersion = 1;
	classes = {
	};
	objectVersion = 50;
	objects = {

/* Begin PBXBuildFile section */
		043154AF264E511E0014BF32 /* AppDelegate.swift in Sources */ = {isa = PBXBuildFile; fileRef = 043154AE264E511E0014BF32 /* AppDelegate.swift */; };
		043154B1264E511E0014BF32 /* SceneDelegate.swift in Sources */ = {isa = PBXBuildFile; fileRef = 043154B0264E511E0014BF32 /* SceneDelegate.swift */; };
		043154B3264E511E0014BF32 /* ViewController.swift in Sources */ = {isa = PBXBuildFile; fileRef = 043154B2264E511E0014BF32 /* ViewController.swift */; };
		043154B6264E511E0014BF32 /* Main.storyboard in Resources */ = {isa = PBXBuildFile; fileRef = 043154B4264E511E0014BF32 /* Main.storyboard */; };
		043154B9264E511E0014BF32 /* TestSiriProject.xcdatamodeld in Sources */ = {isa = PBXBuildFile; fileRef = 043154B7264E511E0014BF32 /* TestSiriProject.xcdatamodeld */; };
		043154BB264E51200014BF32 /* Assets.xcassets in Resources */ = {isa = PBXBuildFile; fileRef = 043154BA264E51200014BF32 /* Assets.xcassets */; };
		043154BE264E51200014BF32 /* LaunchScreen.storyboard in Resources */ = {isa = PBXBuildFile; fileRef = 043154BC264E51200014BF32 /* LaunchScreen.storyboard */; };
		043154C9264E52D20014BF32 /* Utils.swift in Sources */ = {isa = PBXBuildFile; fileRef = 043154C8264E52D20014BF32 /* Utils.swift */; };
		043154CF264E54160014BF32 /* boom.mp3 in Resources */ = {isa = PBXBuildFile; fileRef = 043154CE264E54160014BF32 /* boom.mp3 */; };
/* End PBXBuildFile section */

/* Begin PBXFileReference section */
		043154AB264E511E0014BF32 /* TestSiriProject.app */ = {isa = PBXFileReference; explicitFileType = wrapper.application; includeInIndex = 0; path = TestSiriProject.app; sourceTree = BUILT_PRODUCTS_DIR; };
		043154AE264E511E0014BF32 /* AppDelegate.swift */ = {isa = PBXFileReference; lastKnownFileType = sourcecode.swift; path = AppDelegate.swift; sourceTree = "<group>"; };
		043154B0264E511E0014BF32 /* SceneDelegate.swift */ = {isa = PBXFileReference; lastKnownFileType = sourcecode.swift; path = SceneDelegate.swift; sourceTree = "<group>"; };
		043154B2264E511E0014BF32 /* ViewController.swift */ = {isa = PBXFileReference; lastKnownFileType = sourcecode.swift; path = ViewController.swift; sourceTree = "<group>"; };
		043154B5264E511E0014BF32 /* Base */ = {isa = PBXFileReference; lastKnownFileType = file.storyboard; name = Base; path = Base.lproj/Main.storyboard; sourceTree = "<group>"; };
		043154B8264E511E0014BF32 /* TestSiriProject.xcdatamodel */ = {isa = PBXFileReference; lastKnownFileType = wrapper.xcdatamodel; path = TestSiriProject.xcdatamodel; sourceTree = "<group>"; };
		043154BA264E51200014BF32 /* Assets.xcassets */ = {isa = PBXFileReference; lastKnownFileType = folder.assetcatalog; path = Assets.xcassets; sourceTree = "<group>"; };
		043154BD264E51200014BF32 /* Base */ = {isa = PBXFileReference; lastKnownFileType = file.storyboard; name = Base; path = Base.lproj/LaunchScreen.storyboard; sourceTree = "<group>"; };
		043154BF264E51200014BF32 /* Info.plist */ = {isa = PBXFileReference; lastKnownFileType = text.plist.xml; path = Info.plist; sourceTree = "<group>"; };
		043154C6264E51A90014BF32 /* TestSiriProject.entitlements */ = {isa = PBXFileReference; lastKnownFileType = text.plist.entitlements; path = TestSiriProject.entitlements; sourceTree = "<group>"; };
		043154C8264E52D20014BF32 /* Utils.swift */ = {isa = PBXFileReference; lastKnownFileType = sourcecode.swift; path = Utils.swift; sourceTree = "<group>"; };
		043154CE264E54160014BF32 /* boom.mp3 */ = {isa = PBXFileReference; lastKnownFileType = audio.mp3; path = boom.mp3; sourceTree = "<group>"; };
/* End PBXFileReference section */

/* Begin PBXFrameworksBuildPhase section */
		043154A8264E511E0014BF32 /* Frameworks */ = {
			isa = PBXFrameworksBuildPhase;
			buildActionMask = 2147483647;
			files = (
			);
			runOnlyForDeploymentPostprocessing = 0;
		};
/* End PBXFrameworksBuildPhase section */

/* Begin PBXGroup section */
		043154A2264E511E0014BF32 = {
			isa = PBXGroup;
			children = (
				043154AD264E511E0014BF32 /* TestSiriProject */,
				043154AC264E511E0014BF32 /* Products */,
			);
			sourceTree = "<group>";
		};
		043154AC264E511E0014BF32 /* Products */ = {
			isa = PBXGroup;
			children = (
				043154AB264E511E0014BF32 /* TestSiriProject.app */,
			);
			name = Products;
			sourceTree = "<group>";
		};
		043154AD264E511E0014BF32 /* TestSiriProject */ = {
			isa = PBXGroup;
			children = (
				043154CE264E54160014BF32 /* boom.mp3 */,
				043154C6264E51A90014BF32 /* TestSiriProject.entitlements */,
				043154AE264E511E0014BF32 /* AppDelegate.swift */,
				043154B0264E511E0014BF32 /* SceneDelegate.swift */,
				043154B2264E511E0014BF32 /* ViewController.swift */,
				043154B4264E511E0014BF32 /* Main.storyboard */,
				043154BA264E51200014BF32 /* Assets.xcassets */,
				043154BC264E51200014BF32 /* LaunchScreen.storyboard */,
				043154BF264E51200014BF32 /* Info.plist */,
				043154B7264E511E0014BF32 /* TestSiriProject.xcdatamodeld */,
				043154C8264E52D20014BF32 /* Utils.swift */,
			);
			path = TestSiriProject;
			sourceTree = "<group>";
		};
/* End PBXGroup section */

/* Begin PBXNativeTarget section */
		043154AA264E511E0014BF32 /* TestSiriProject */ = {
			isa = PBXNativeTarget;
			buildConfigurationList = 043154C2264E51200014BF32 /* Build configuration list for PBXNativeTarget "TestSiriProject" */;
			buildPhases = (
				043154A7264E511E0014BF32 /* Sources */,
				043154A8264E511E0014BF32 /* Frameworks */,
				043154A9264E511E0014BF32 /* Resources */,
			);
			buildRules = (
			);
			dependencies = (
			);
			name = TestSiriProject;
			productName = TestSiriProject;
			productReference = 043154AB264E511E0014BF32 /* TestSiriProject.app */;
			productType = "com.apple.product-type.application";
		};
/* End PBXNativeTarget section */

/* Begin PBXProject section */
		043154A3264E511E0014BF32 /* Project object */ = {
			isa = PBXProject;
			attributes = {
				LastSwiftUpdateCheck = 1230;
				LastUpgradeCheck = 1230;
				TargetAttributes = {
					043154AA264E511E0014BF32 = {
						CreatedOnToolsVersion = 12.3;
					};
				};
			};
			buildConfigurationList = 043154A6264E511E0014BF32 /* Build configuration list for PBXProject "TestSiriProject" */;
			compatibilityVersion = "Xcode 9.3";
			developmentRegion = en;
			hasScannedForEncodings = 0;
			knownRegions = (
				en,
				Base,
			);
			mainGroup = 043154A2264E511E0014BF32;
			productRefGroup = 043154AC264E511E0014BF32 /* Products */;
			projectDirPath = "";
			projectRoot = "";
			targets = (
				043154AA264E511E0014BF32 /* TestSiriProject */,
			);
		};
/* End PBXProject section */

/* Begin PBXResourcesBuildPhase section */
		043154A9264E511E0014BF32 /* Resources */ = {
			isa = PBXResourcesBuildPhase;
			buildActionMask = 2147483647;
			files = (
				043154BE264E51200014BF32 /* LaunchScreen.storyboard in Resources */,
				043154CF264E54160014BF32 /* boom.mp3 in Resources */,
				043154BB264E51200014BF32 /* Assets.xcassets in Resources */,
				043154B6264E511E0014BF32 /* Main.storyboard in Resources */,
			);
			runOnlyForDeploymentPostprocessing = 0;
		};
/* End PBXResourcesBuildPhase section */

/* Begin PBXSourcesBuildPhase section */
		043154A7264E511E0014BF32 /* Sources */ = {
			isa = PBXSourcesBuildPhase;
			buildActionMask = 2147483647;
			files = (
				043154C9264E52D20014BF32 /* Utils.swift in Sources */,
				043154B3264E511E0014BF32 /* ViewController.swift in Sources */,
				043154AF264E511E0014BF32 /* AppDelegate.swift in Sources */,
				043154B9264E511E0014BF32 /* TestSiriProject.xcdatamodeld in Sources */,
				043154B1264E511E0014BF32 /* SceneDelegate.swift in Sources */,
			);
			runOnlyForDeploymentPostprocessing = 0;
		};
/* End PBXSourcesBuildPhase section */

/* Begin PBXVariantGroup section */
		043154B4264E511E0014BF32 /* Main.storyboard */ = {
			isa = PBXVariantGroup;
			children = (
				043154B5264E511E0014BF32 /* Base */,
			);
			name = Main.storyboard;
			sourceTree = "<group>";
		};
		043154BC264E51200014BF32 /* LaunchScreen.storyboard */ = {
			isa = PBXVariantGroup;
			children = (
				043154BD264E51200014BF32 /* Base */,
			);
			name = LaunchScreen.storyboard;
			sourceTree = "<group>";
		};
/* End PBXVariantGroup section */

/* Begin XCBuildConfiguration section */
		043154C0264E51200014BF32 /* Debug */ = {
			isa = XCBuildConfiguration;
			buildSettings = {
				ALWAYS_SEARCH_USER_PATHS = NO;
				CLANG_ANALYZER_NONNULL = YES;
				CLANG_ANALYZER_NUMBER_OBJECT_CONVERSION = YES_AGGRESSIVE;
				CLANG_CXX_LANGUAGE_STANDARD = "gnu++14";
				CLANG_CXX_LIBRARY = "libc++";
				CLANG_ENABLE_MODULES = YES;
				CLANG_ENABLE_OBJC_ARC = YES;
				CLANG_ENABLE_OBJC_WEAK = YES;
				CLANG_WARN_BLOCK_CAPTURE_AUTORELEASING = YES;
				CLANG_WARN_BOOL_CONVERSION = YES;
				CLANG_WARN_COMMA = YES;
				CLANG_WARN_CONSTANT_CONVERSION = YES;
				CLANG_WARN_DEPRECATED_OBJC_IMPLEMENTATIONS = YES;
				CLANG_WARN_DIRECT_OBJC_ISA_USAGE = YES_ERROR;
				CLANG_WARN_DOCUMENTATION_COMMENTS = YES;
				CLANG_WARN_EMPTY_BODY = YES;
				CLANG_WARN_ENUM_CONVERSION = YES;
				CLANG_WARN_INFINITE_RECURSION = YES;
				CLANG_WARN_INT_CONVERSION = YES;
				CLANG_WARN_NON_LITERAL_NULL_CONVERSION = YES;
				CLANG_WARN_OBJC_IMPLICIT_RETAIN_SELF = YES;
				CLANG_WARN_OBJC_LITERAL_CONVERSION = YES;
				CLANG_WARN_OBJC_ROOT_CLASS = YES_ERROR;
				CLANG_WARN_QUOTED_INCLUDE_IN_FRAMEWORK_HEADER = YES;
				CLANG_WARN_RANGE_LOOP_ANALYSIS = YES;
				CLANG_WARN_STRICT_PROTOTYPES = YES;
				CLANG_WARN_SUSPICIOUS_MOVE = YES;
				CLANG_WARN_UNGUARDED_AVAILABILITY = YES_AGGRESSIVE;
				CLANG_WARN_UNREACHABLE_CODE = YES;
				CLANG_WARN__DUPLICATE_METHOD_MATCH = YES;
				COPY_PHASE_STRIP = NO;
				DEBUG_INFORMATION_FORMAT = dwarf;
				ENABLE_STRICT_OBJC_MSGSEND = YES;
				ENABLE_TESTABILITY = YES;
				GCC_C_LANGUAGE_STANDARD = gnu11;
				GCC_DYNAMIC_NO_PIC = NO;
				GCC_NO_COMMON_BLOCKS = YES;
				GCC_OPTIMIZATION_LEVEL = 0;
				GCC_PREPROCESSOR_DEFINITIONS = (
					"DEBUG=1",
					"$(inherited)",
				);
				GCC_WARN_64_TO_32_BIT_CONVERSION = YES;
				GCC_WARN_ABOUT_RETURN_TYPE = YES_ERROR;
				GCC_WARN_UNDECLARED_SELECTOR = YES;
				GCC_WARN_UNINITIALIZED_AUTOS = YES_AGGRESSIVE;
				GCC_WARN_UNUSED_FUNCTION = YES;
				GCC_WARN_UNUSED_VARIABLE = YES;
				IPHONEOS_DEPLOYMENT_TARGET = 14.3;
				MTL_ENABLE_DEBUG_INFO = INCLUDE_SOURCE;
				MTL_FAST_MATH = YES;
				ONLY_ACTIVE_ARCH = YES;
				SDKROOT = iphoneos;
				SWIFT_ACTIVE_COMPILATION_CONDITIONS = DEBUG;
				SWIFT_OPTIMIZATION_LEVEL = "-Onone";
			};
			name = Debug;
		};
		043154C1264E51200014BF32 /* Release */ = {
			isa = XCBuildConfiguration;
			buildSettings = {
				ALWAYS_SEARCH_USER_PATHS = NO;
				CLANG_ANALYZER_NONNULL = YES;
				CLANG_ANALYZER_NUMBER_OBJECT_CONVERSION = YES_AGGRESSIVE;
				CLANG_CXX_LANGUAGE_STANDARD = "gnu++14";
				CLANG_CXX_LIBRARY = "libc++";
				CLANG_ENABLE_MODULES = YES;
				CLANG_ENABLE_OBJC_ARC = YES;
				CLANG_ENABLE_OBJC_WEAK = YES;
				CLANG_WARN_BLOCK_CAPTURE_AUTORELEASING = YES;
				CLANG_WARN_BOOL_CONVERSION = YES;
				CLANG_WARN_COMMA = YES;
				CLANG_WARN_CONSTANT_CONVERSION = YES;
				CLANG_WARN_DEPRECATED_OBJC_IMPLEMENTATIONS = YES;
				CLANG_WARN_DIRECT_OBJC_ISA_USAGE = YES_ERROR;
				CLANG_WARN_DOCUMENTATION_COMMENTS = YES;
				CLANG_WARN_EMPTY_BODY = YES;
				CLANG_WARN_ENUM_CONVERSION = YES;
				CLANG_WARN_INFINITE_RECURSION = YES;
				CLANG_WARN_INT_CONVERSION = YES;
				CLANG_WARN_NON_LITERAL_NULL_CONVERSION = YES;
				CLANG_WARN_OBJC_IMPLICIT_RETAIN_SELF = YES;
				CLANG_WARN_OBJC_LITERAL_CONVERSION = YES;
				CLANG_WARN_OBJC_ROOT_CLASS = YES_ERROR;
				CLANG_WARN_QUOTED_INCLUDE_IN_FRAMEWORK_HEADER = YES;
				CLANG_WARN_RANGE_LOOP_ANALYSIS = YES;
				CLANG_WARN_STRICT_PROTOTYPES = YES;
				CLANG_WARN_SUSPICIOUS_MOVE = YES;
				CLANG_WARN_UNGUARDED_AVAILABILITY = YES_AGGRESSIVE;
				CLANG_WARN_UNREACHABLE_CODE = YES;
				CLANG_WARN__DUPLICATE_METHOD_MATCH = YES;
				COPY_PHASE_STRIP = NO;
				DEBUG_INFORMATION_FORMAT = "dwarf-with-dsym";
				ENABLE_NS_ASSERTIONS = NO;
				ENABLE_STRICT_OBJC_MSGSEND = YES;
				GCC_C_LANGUAGE_STANDARD = gnu11;
				GCC_NO_COMMON_BLOCKS = YES;
				GCC_WARN_64_TO_32_BIT_CONVERSION = YES;
				GCC_WARN_ABOUT_RETURN_TYPE = YES_ERROR;
				GCC_WARN_UNDECLARED_SELECTOR = YES;
				GCC_WARN_UNINITIALIZED_AUTOS = YES_AGGRESSIVE;
				GCC_WARN_UNUSED_FUNCTION = YES;
				GCC_WARN_UNUSED_VARIABLE = YES;
				IPHONEOS_DEPLOYMENT_TARGET = 14.3;
				MTL_ENABLE_DEBUG_INFO = NO;
				MTL_FAST_MATH = YES;
				SDKROOT = iphoneos;
				SWIFT_COMPILATION_MODE = wholemodule;
				SWIFT_OPTIMIZATION_LEVEL = "-O";
				VALIDATE_PRODUCT = YES;
			};
			name = Release;
		};
		043154C3264E51200014BF32 /* Debug */ = {
			isa = XCBuildConfiguration;
			buildSettings = {
				ASSETCATALOG_COMPILER_APPICON_NAME = AppIcon;
				ASSETCATALOG_COMPILER_GLOBAL_ACCENT_COLOR_NAME = AccentColor;
				CODE_SIGN_ENTITLEMENTS = TestSiriProject/TestSiriProject.entitlements;
				CODE_SIGN_STYLE = Automatic;
				DEVELOPMENT_TEAM = R6QS6K6LT6;
				INFOPLIST_FILE = TestSiriProject/Info.plist;
				IPHONEOS_DEPLOYMENT_TARGET = 13.0;
				LD_RUNPATH_SEARCH_PATHS = (
					"$(inherited)",
					"@executable_path/Frameworks",
				);
				PRODUCT_BUNDLE_IDENTIFIER = com.abs.TestSiriProject.TestSiriProject;
				PRODUCT_NAME = "$(TARGET_NAME)";
				SWIFT_VERSION = 5.0;
				TARGETED_DEVICE_FAMILY = "1,2";
			};
			name = Debug;
		};
		043154C4264E51200014BF32 /* Release */ = {
			isa = XCBuildConfiguration;
			buildSettings = {
				ASSETCATALOG_COMPILER_APPICON_NAME = AppIcon;
				ASSETCATALOG_COMPILER_GLOBAL_ACCENT_COLOR_NAME = AccentColor;
				CODE_SIGN_ENTITLEMENTS = TestSiriProject/TestSiriProject.entitlements;
				CODE_SIGN_STYLE = Automatic;
				DEVELOPMENT_TEAM = R6QS6K6LT6;
				INFOPLIST_FILE = TestSiriProject/Info.plist;
				IPHONEOS_DEPLOYMENT_TARGET = 13.0;
				LD_RUNPATH_SEARCH_PATHS = (
					"$(inherited)",
					"@executable_path/Frameworks",
				);
				PRODUCT_BUNDLE_IDENTIFIER = com.abs.TestSiriProject.TestSiriProject;
				PRODUCT_NAME = "$(TARGET_NAME)";
				SWIFT_VERSION = 5.0;
				TARGETED_DEVICE_FAMILY = "1,2";
			};
			name = Release;
		};
/* End XCBuildConfiguration section */

/* Begin XCConfigurationList section */
		043154A6264E511E0014BF32 /* Build configuration list for PBXProject "TestSiriProject" */ = {
			isa = XCConfigurationList;
			buildConfigurations = (
				043154C0264E51200014BF32 /* Debug */,
				043154C1264E51200014BF32 /* Release */,
			);
			defaultConfigurationIsVisible = 0;
			defaultConfigurationName = Release;
		};
		043154C2264E51200014BF32 /* Build configuration list for PBXNativeTarget "TestSiriProject" */ = {
			isa = XCConfigurationList;
			buildConfigurations = (
				043154C3264E51200014BF32 /* Debug */,
				043154C4264E51200014BF32 /* Release */,
			);
			defaultConfigurationIsVisible = 0;
			defaultConfigurationName = Release;
		};
/* End XCConfigurationList section */

/* Begin XCVersionGroup section */
		043154B7264E511E0014BF32 /* TestSiriProject.xcdatamodeld */ = {
			isa = XCVersionGroup;
			children = (
				043154B8264E511E0014BF32 /* TestSiriProject.xcdatamodel */,
			);
			currentVersion = 043154B8264E511E0014BF32 /* TestSiriProject.xcdatamodel */;
			path = TestSiriProject.xcdatamodeld;
			sourceTree = "<group>";
			versionGroupType = wrapper.xcdatamodel;
		};
/* End XCVersionGroup section */
	};
	rootObject = 043154A3264E511E0014BF32 /* Project object */;
}
